{
  "nodes": {
    "gen-identity": {
      "locked": {
        "lastModified": 1787250593,
        "narHash": "sha256-VTDCwpcG2K3V/fuzV02rrPlzaMASniSop/FyRZJ98WU=",
        "owner": "sini",
        "repo": "gen-identity",
        "rev": "f27de8cedbfc34d8458642495cdf1e83febfd7ab",
        "type": "github"
      },
      "original": {
        "owner": "sini",
        "repo": "gen-identity",
        "type": "github"
      }
    },
    "gen-prelude": {
      "locked": {
        "lastModified": 1783016618,
        "narHash": "sha256-J08Ao7Gr5M3cHwHJ1jGeKXjKK2AGol5PuWid8VhqMT4=",
        "owner": "sini",
        "repo": "gen-prelude",
        "rev": "62c2500777dc6854b3777d47303d0858ce0f1bb1",
        "type": "github"
      },
      "original": {
        "owner": "sini",
        "repo": "gen-prelude",
        "type": "github"
      }
    },
    "gen-prelude_2": {
      "locked": {
        "lastModified": 1783016618,
        "narHash": "sha256-J08Ao7Gr5M3cHwHJ1jGeKXjKK2AGol5PuWid8VhqMT4=",
        "owner": "sini",
        "repo": "gen-prelude",
        "rev": "62c2500777dc6854b3777d47303d0858ce0f1bb1",
        "type": "github"
      },
      "original": {
        "owner": "sini",
        "repo": "gen-prelude",
        "type": "github"
      }
    },
    "gen-types": {
      "inputs": {
        "gen-identity": "gen-identity",
        "gen-prelude": "gen-prelude_2"
      },
      "locked": {
        "lastModified": 1787797736,
        "narHash": "sha256-FOdu85D3z0XGFa6mqNN4QzbZwoVklMKbzFracYwmNiQ=",
        "owner": "sini",
        "repo": "gen-types",
        "rev": "a1a5de3075956777056f9fb789ab0218d7894f4b",
        "type": "github"
      },
      "original": {
        "owner": "sini",
        "repo": "gen-types",
        "type": "github"
      }
    },
    "root": {
      "inputs": {
        "gen-prelude": "gen-prelude",
        "gen-types": "gen-types"
      }
    }
  },
  "root": "root",
  "version": 7
}
