{
  "nodes": {
    "gen-prelude": {
      "locked": {
        "lastModified": 1783016618,
        "narHash": "sha256-J08Ao7Gr5M3cHwHJ1jGeKXjKK2AGol5PuWid8VhqMT4=",
        "owner": "sini",
        "repo": "gen-prelude",
        "rev": "62c2500777dc6854b3777d47303d0858ce0f1bb1",
        "type": "github"
      },
      "original": {
        "owner": "sini",
        "repo": "gen-prelude",
        "type": "github"
      }
    },
    "gen-prelude_2": {
      "locked": {
        "lastModified": 1783016618,
        "narHash": "sha256-J08Ao7Gr5M3cHwHJ1jGeKXjKK2AGol5PuWid8VhqMT4=",
        "owner": "sini",
        "repo": "gen-prelude",
        "rev": "62c2500777dc6854b3777d47303d0858ce0f1bb1",
        "type": "github"
      },
      "original": {
        "owner": "sini",
        "repo": "gen-prelude",
        "type": "github"
      }
    },
    "gen-types": {
      "inputs": {
        "gen-prelude": "gen-prelude_2"
      },
      "locked": {
        "lastModified": 1783025858,
        "narHash": "sha256-2n4u0VYxvV5deZ3/NTYoFUAjsZOL3os7OLdWQN/3cYU=",
        "owner": "sini",
        "repo": "gen-types",
        "rev": "887ad871d13f3baeb168a8cb5503b39737fe947b",
        "type": "github"
      },
      "original": {
        "owner": "sini",
        "repo": "gen-types",
        "type": "github"
      }
    },
    "root": {
      "inputs": {
        "gen-prelude": "gen-prelude",
        "gen-types": "gen-types"
      }
    }
  },
  "root": "root",
  "version": 7
}
