{
  "nodes": {
    "gen-algebra": {
      "locked": {
        "lastModified": 1791104464,
        "narHash": "sha256-pkYZTc9u4MUU1q6coKX15+94oAB9rFje2JPFQVs2b48=",
        "owner": "sini",
        "repo": "gen-algebra",
        "rev": "efd05c8256d5daec883702d64da5b548f0543042",
        "type": "github"
      },
      "original": {
        "owner": "sini",
        "repo": "gen-algebra",
        "type": "github"
      }
    },
    "gen-graph": {
      "inputs": {
        "gen-prelude": "gen-prelude"
      },
      "locked": {
        "lastModified": 1791110803,
        "narHash": "sha256-y6EPpJlZmrv8CCL3CsEIfNGnS3Xs8RgAQHzeauouwDE=",
        "owner": "sini",
        "repo": "gen-graph",
        "rev": "ce977b5576f938a2486bfb63a8580a7375d3834f",
        "type": "github"
      },
      "original": {
        "owner": "sini",
        "repo": "gen-graph",
        "type": "github"
      }
    },
    "gen-graph_2": {
      "inputs": {
        "gen-prelude": "gen-prelude_4"
      },
      "locked": {
        "lastModified": 1791110803,
        "narHash": "sha256-y6EPpJlZmrv8CCL3CsEIfNGnS3Xs8RgAQHzeauouwDE=",
        "owner": "sini",
        "repo": "gen-graph",
        "rev": "ce977b5576f938a2486bfb63a8580a7375d3834f",
        "type": "github"
      },
      "original": {
        "owner": "sini",
        "repo": "gen-graph",
        "type": "github"
      }
    },
    "gen-identity": {
      "locked": {
        "lastModified": 1791084713,
        "narHash": "sha256-f3xTsqlcxjVDci18Fm2TGeTT1VzVzeJb8pdm2UsCApc=",
        "owner": "sini",
        "repo": "gen-identity",
        "rev": "e13b6905975483b3de2faa6b076ef6986e645d8a",
        "type": "github"
      },
      "original": {
        "owner": "sini",
        "repo": "gen-identity",
        "type": "github"
      }
    },
    "gen-identity_2": {
      "locked": {
        "lastModified": 1791084713,
        "narHash": "sha256-f3xTsqlcxjVDci18Fm2TGeTT1VzVzeJb8pdm2UsCApc=",
        "owner": "sini",
        "repo": "gen-identity",
        "rev": "e13b6905975483b3de2faa6b076ef6986e645d8a",
        "type": "github"
      },
      "original": {
        "owner": "sini",
        "repo": "gen-identity",
        "type": "github"
      }
    },
    "gen-memo": {
      "inputs": {
        "gen-graph": "gen-graph",
        "gen-prelude": "gen-prelude_2"
      },
      "locked": {
        "lastModified": 1791110473,
        "narHash": "sha256-elKapg+4OJ100/PyrFqaGvHi+yYf8vyTlilRjWj37wo=",
        "owner": "sini",
        "repo": "gen-memo",
        "rev": "7efae0bf25f3366cb012786ef7743eae1576cff6",
        "type": "github"
      },
      "original": {
        "owner": "sini",
        "repo": "gen-memo",
        "type": "github"
      }
    },
    "gen-prelude": {
      "locked": {
        "lastModified": 1791109638,
        "narHash": "sha256-tieU6rXSP3w7wztA2uDESJhXxx5P+Kq54CiQGPjfZL8=",
        "owner": "sini",
        "repo": "gen-prelude",
        "rev": "ae1ce688234e53253462384be66c9f523cdf421e",
        "type": "github"
      },
      "original": {
        "owner": "sini",
        "repo": "gen-prelude",
        "type": "github"
      }
    },
    "gen-prelude_2": {
      "locked": {
        "lastModified": 1791109638,
        "narHash": "sha256-tieU6rXSP3w7wztA2uDESJhXxx5P+Kq54CiQGPjfZL8=",
        "owner": "sini",
        "repo": "gen-prelude",
        "rev": "ae1ce688234e53253462384be66c9f523cdf421e",
        "type": "github"
      },
      "original": {
        "owner": "sini",
        "repo": "gen-prelude",
        "type": "github"
      }
    },
    "gen-prelude_3": {
      "locked": {
        "lastModified": 1791109638,
        "narHash": "sha256-tieU6rXSP3w7wztA2uDESJhXxx5P+Kq54CiQGPjfZL8=",
        "owner": "sini",
        "repo": "gen-prelude",
        "rev": "ae1ce688234e53253462384be66c9f523cdf421e",
        "type": "github"
      },
      "original": {
        "owner": "sini",
        "repo": "gen-prelude",
        "type": "github"
      }
    },
    "gen-prelude_4": {
      "locked": {
        "lastModified": 1791109638,
        "narHash": "sha256-tieU6rXSP3w7wztA2uDESJhXxx5P+Kq54CiQGPjfZL8=",
        "owner": "sini",
        "repo": "gen-prelude",
        "rev": "ae1ce688234e53253462384be66c9f523cdf421e",
        "type": "github"
      },
      "original": {
        "owner": "sini",
        "repo": "gen-prelude",
        "type": "github"
      }
    },
    "gen-prelude_5": {
      "locked": {
        "lastModified": 1791109638,
        "narHash": "sha256-tieU6rXSP3w7wztA2uDESJhXxx5P+Kq54CiQGPjfZL8=",
        "owner": "sini",
        "repo": "gen-prelude",
        "rev": "ae1ce688234e53253462384be66c9f523cdf421e",
        "type": "github"
      },
      "original": {
        "owner": "sini",
        "repo": "gen-prelude",
        "type": "github"
      }
    },
    "gen-prelude_6": {
      "locked": {
        "lastModified": 1791109638,
        "narHash": "sha256-tieU6rXSP3w7wztA2uDESJhXxx5P+Kq54CiQGPjfZL8=",
        "owner": "sini",
        "repo": "gen-prelude",
        "rev": "ae1ce688234e53253462384be66c9f523cdf421e",
        "type": "github"
      },
      "original": {
        "owner": "sini",
        "repo": "gen-prelude",
        "type": "github"
      }
    },
    "gen-scope": {
      "inputs": {
        "gen-graph": "gen-graph_2",
        "gen-identity": "gen-identity",
        "gen-prelude": "gen-prelude_5"
      },
      "locked": {
        "lastModified": 1791117311,
        "narHash": "sha256-ZxEwuVeXywrA1caZGinsFsizANmgk5c1Jg7kGgUSL8w=",
        "owner": "sini",
        "repo": "gen-scope",
        "rev": "87250b81130f802237920d01466573ccf0f20d6c",
        "type": "github"
      },
      "original": {
        "owner": "sini",
        "repo": "gen-scope",
        "type": "github"
      }
    },
    "gen-types": {
      "inputs": {
        "gen-algebra": "gen-algebra",
        "gen-identity": "gen-identity_2",
        "gen-prelude": "gen-prelude_6"
      },
      "locked": {
        "lastModified": 1791084840,
        "narHash": "sha256-w+aKiSPFsNuyf1Ox9XKp4lcygYTfo4xVHu8RVxvGDwM=",
        "owner": "sini",
        "repo": "gen-types",
        "rev": "7f893756573bddb8f8e2b66d9ffb28ca3c8807ca",
        "type": "github"
      },
      "original": {
        "owner": "sini",
        "repo": "gen-types",
        "type": "github"
      }
    },
    "root": {
      "inputs": {
        "gen-memo": "gen-memo",
        "gen-prelude": "gen-prelude_3",
        "gen-scope": "gen-scope",
        "gen-types": "gen-types"
      }
    }
  },
  "root": "root",
  "version": 7
}
